// !$*UTF8*$!
{
	archiveVersion = 1;
	classes = {
	};
	objectVersion = 46;
	objects = {

/* Begin PBXBuildFile section */
		3736BAF41A6F163000CD1EE0 /* main.m in Sources */ = {isa = PBXBuildFile; fileRef = 3736BAF31A6F163000CD1EE0 /* main.m */; };
		3736BAF71A6F163000CD1EE0 /* AppDelegate.m in Sources */ = {isa = PBXBuildFile; fileRef = 3736BAF61A6F163000CD1EE0 /* AppDelegate.m */; };
		3736BAFA1A6F163000CD1EE0 /* Calculator.xcdatamodeld in Sources */ = {isa = PBXBuildFile; fileRef = 3736BAF81A6F163000CD1EE0 /* Calculator.xcdatamodeld */; };
		3736BAFD1A6F163000CD1EE0 /* ViewController.m in Sources */ = {isa = PBXBuildFile; fileRef = 3736BAFC1A6F163000CD1EE0 /* ViewController.m */; };
		3736BB001A6F163000CD1EE0 /* Main.storyboard in Resources */ = {isa = PBXBuildFile; fileRef = 3736BAFE1A6F163000CD1EE0 /* Main.storyboard */; };
		3736BB021A6F163000CD1EE0 /* Images.xcassets in Resources */ = {isa = PBXBuildFile; fileRef = 3736BB011A6F163000CD1EE0 /* Images.xcassets */; };
		3736BB051A6F163000CD1EE0 /* LaunchScreen.xib in Resources */ = {isa = PBXBuildFile; fileRef = 3736BB031A6F163000CD1EE0 /* LaunchScreen.xib */; };
		3736BB111A6F163000CD1EE0 /* CalculatorTests.m in Sources */ = {isa = PBXBuildFile; fileRef = 3736BB101A6F163000CD1EE0 /* CalculatorTests.m */; };
		3736BB201A6F288F00CD1EE0 /* CalculatorBrain.m in Sources */ = {isa = PBXBuildFile; fileRef = 3736BB1F1A6F288F00CD1EE0 /* CalculatorBrain.m */; };
/* End PBXBuildFile section */

/* Begin PBXContainerItemProxy section */
		3736BB0B1A6F163000CD1EE0 /* PBXContainerItemProxy */ = {
			isa = PBXContainerItemProxy;
			containerPortal = 3736BAE61A6F163000CD1EE0 /* Project object */;
			proxyType = 1;
			remoteGlobalIDString = 3736BAED1A6F163000CD1EE0;
			remoteInfo = Calculator;
		};
/* End PBXContainerItemProxy section */

/* Begin PBXFileReference section */
		3736BAEE1A6F163000CD1EE0 /* Calculator.app */ = {isa = PBXFileReference; explicitFileType = wrapper.application; includeInIndex = 0; path = Calculator.app; sourceTree = BUILT_PRODUCTS_DIR; };
		3736BAF21A6F163000CD1EE0 /* Info.plist */ = {isa = PBXFileReference; lastKnownFileType = text.plist.xml; path = Info.plist; sourceTree = "<group>"; };
		3736BAF31A6F163000CD1EE0 /* main.m */ = {isa = PBXFileReference; lastKnownFileType = sourcecode.c.objc; path = main.m; sourceTree = "<group>"; };
		3736BAF51A6F163000CD1EE0 /* AppDelegate.h */ = {isa = PBXFileReference; lastKnownFileType = sourcecode.c.h; path = AppDelegate.h; sourceTree = "<group>"; };
		3736BAF61A6F163000CD1EE0 /* AppDelegate.m */ = {isa = PBXFileReference; lastKnownFileType = sourcecode.c.objc; path = AppDelegate.m; sourceTree = "<group>"; };
		3736BAF91A6F163000CD1EE0 /* Calculator.xcdatamodel */ = {isa = PBXFileReference; lastKnownFileType = wrapper.xcdatamodel; path = Calculator.xcdatamodel; sourceTree = "<group>"; };
		3736BAFB1A6F163000CD1EE0 /* ViewController.h */ = {isa = PBXFileReference; lastKnownFileType = sourcecode.c.h; path = ViewController.h; sourceTree = "<group>"; };
		3736BAFC1A6F163000CD1EE0 /* ViewController.m */ = {isa = PBXFileReference; lastKnownFileType = sourcecode.c.objc; path = ViewController.m; sourceTree = "<group>"; };
		3736BAFF1A6F163000CD1EE0 /* Base */ = {isa = PBXFileReference; lastKnownFileType = file.storyboard; name = Base; path = Base.lproj/Main.storyboard; sourceTree = "<group>"; };
		3736BB011A6F163000CD1EE0 /* Images.xcassets */ = {isa = PBXFileReference; lastKnownFileType = folder.assetcatalog; path = Images.xcassets; sourceTree = "<group>"; };
		3736BB041A6F163000CD1EE0 /* Base */ = {isa = PBXFileReference; lastKnownFileType = file.xib; name = Base; path = Base.lproj/LaunchScreen.xib; sourceTree = "<group>"; };
		3736BB0A1A6F163000CD1EE0 /* CalculatorTests.xctest */ = {isa = PBXFileReference; explicitFileType = wrapper.cfbundle; includeInIndex = 0; path = CalculatorTests.xctest; sourceTree = BUILT_PRODUCTS_DIR; };
		3736BB0F1A6F163000CD1EE0 /* Info.plist */ = {isa = PBXFileReference; lastKnownFileType = text.plist.xml; path = Info.plist; sourceTree = "<group>"; };
		3736BB101A6F163000CD1EE0 /* CalculatorTests.m */ = {isa = PBXFileReference; lastKnownFileType = sourcecode.c.objc; path = CalculatorTests.m; sourceTree = "<group>"; };
		3736BB1B1A6F276F00CD1EE0 /* CalculatorBrain.h */ = {isa = PBXFileReference; fileEncoding = 4; lastKnownFileType = sourcecode.c.h; path = CalculatorBrain.h; sourceTree = "<group>"; };
		3736BB1F1A6F288F00CD1EE0 /* CalculatorBrain.m */ = {isa = PBXFileReference; fileEncoding = 4; lastKnownFileType = sourcecode.c.objc; path = CalculatorBrain.m; sourceTree = "<group>"; };
/* End PBXFileReference section */

/* Begin PBXFrameworksBuildPhase section */
		3736BAEB1A6F163000CD1EE0 /* Frameworks */ = {
			isa = PBXFrameworksBuildPhase;
			buildActionMask = 2147483647;
			files = (
			);
			runOnlyForDeploymentPostprocessing = 0;
		};
		3736BB071A6F163000CD1EE0 /* Frameworks */ = {
			isa = PBXFrameworksBuildPhase;
			buildActionMask = 2147483647;
			files = (
			);
			runOnlyForDeploymentPostprocessing = 0;
		};
/* End PBXFrameworksBuildPhase section */

/* Begin PBXGroup section */
		3736BAE51A6F163000CD1EE0 = {
			isa = PBXGroup;
			children = (
				3736BAF01A6F163000CD1EE0 /* Calculator */,
				3736BB0D1A6F163000CD1EE0 /* CalculatorTests */,
				3736BAEF1A6F163000CD1EE0 /* Products */,
			);
			sourceTree = "<group>";
		};
		3736BAEF1A6F163000CD1EE0 /* Products */ = {
			isa = PBXGroup;
			children = (
				3736BAEE1A6F163000CD1EE0 /* Calculator.app */,
				3736BB0A1A6F163000CD1EE0 /* CalculatorTests.xctest */,
			);
			name = Products;
			sourceTree = "<group>";
		};
		3736BAF01A6F163000CD1EE0 /* Calculator */ = {
			isa = PBXGroup;
			children = (
				3736BAF51A6F163000CD1EE0 /* AppDelegate.h */,
				3736BAF61A6F163000CD1EE0 /* AppDelegate.m */,
				3736BAFB1A6F163000CD1EE0 /* ViewController.h */,
				3736BAFC1A6F163000CD1EE0 /* ViewController.m */,
				3736BAFE1A6F163000CD1EE0 /* Main.storyboard */,
				3736BB1B1A6F276F00CD1EE0 /* CalculatorBrain.h */,
				3736BB1F1A6F288F00CD1EE0 /* CalculatorBrain.m */,
				3736BB011A6F163000CD1EE0 /* Images.xcassets */,
				3736BB031A6F163000CD1EE0 /* LaunchScreen.xib */,
				3736BAF81A6F163000CD1EE0 /* Calculator.xcdatamodeld */,
				3736BAF11A6F163000CD1EE0 /* Supporting Files */,
			);
			path = Calculator;
			sourceTree = "<group>";
		};
		3736BAF11A6F163000CD1EE0 /* Supporting Files */ = {
			isa = PBXGroup;
			children = (
				3736BAF21A6F163000CD1EE0 /* Info.plist */,
				3736BAF31A6F163000CD1EE0 /* main.m */,
			);
			name = "Supporting Files";
			sourceTree = "<group>";
		};
		3736BB0D1A6F163000CD1EE0 /* CalculatorTests */ = {
			isa = PBXGroup;
			children = (
				3736BB101A6F163000CD1EE0 /* CalculatorTests.m */,
				3736BB0E1A6F163000CD1EE0 /* Supporting Files */,
			);
			path = CalculatorTests;
			sourceTree = "<group>";
		};
		3736BB0E1A6F163000CD1EE0 /* Supporting Files */ = {
			isa = PBXGroup;
			children = (
				3736BB0F1A6F163000CD1EE0 /* Info.plist */,
			);
			name = "Supporting Files";
			sourceTree = "<group>";
		};
/* End PBXGroup section */

/* Begin PBXNativeTarget section */
		3736BAED1A6F163000CD1EE0 /* Calculator */ = {
			isa = PBXNativeTarget;
			buildConfigurationList = 3736BB141A6F163000CD1EE0 /* Build configuration list for PBXNativeTarget "Calculator" */;
			buildPhases = (
				3736BAEA1A6F163000CD1EE0 /* Sources */,
				3736BAEB1A6F163000CD1EE0 /* Frameworks */,
				3736BAEC1A6F163000CD1EE0 /* Resources */,
			);
			buildRules = (
			);
			dependencies = (
			);
			name = Calculator;
			productName = Calculator;
			productReference = 3736BAEE1A6F163000CD1EE0 /* Calculator.app */;
			productType = "com.apple.product-type.application";
		};
		3736BB091A6F163000CD1EE0 /* CalculatorTests */ = {
			isa = PBXNativeTarget;
			buildConfigurationList = 3736BB171A6F163000CD1EE0 /* Build configuration list for PBXNativeTarget "CalculatorTests" */;
			buildPhases = (
				3736BB061A6F163000CD1EE0 /* Sources */,
				3736BB071A6F163000CD1EE0 /* Frameworks */,
				3736BB081A6F163000CD1EE0 /* Resources */,
			);
			buildRules = (
			);
			dependencies = (
				3736BB0C1A6F163000CD1EE0 /* PBXTargetDependency */,
			);
			name = CalculatorTests;
			productName = CalculatorTests;
			productReference = 3736BB0A1A6F163000CD1EE0 /* CalculatorTests.xctest */;
			productType = "com.apple.product-type.bundle.unit-test";
		};
/* End PBXNativeTarget section */

/* Begin PBXProject section */
		3736BAE61A6F163000CD1EE0 /* Project object */ = {
			isa = PBXProject;
			attributes = {
				LastUpgradeCheck = 0610;
				ORGANIZATIONNAME = "CSCI448 Allison Crouch";
				TargetAttributes = {
					3736BAED1A6F163000CD1EE0 = {
						CreatedOnToolsVersion = 6.1.1;
					};
					3736BB091A6F163000CD1EE0 = {
						CreatedOnToolsVersion = 6.1.1;
						TestTargetID = 3736BAED1A6F163000CD1EE0;
					};
				};
			};
			buildConfigurationList = 3736BAE91A6F163000CD1EE0 /* Build configuration list for PBXProject "Calculator" */;
			compatibilityVersion = "Xcode 3.2";
			developmentRegion = English;
			hasScannedForEncodings = 0;
			knownRegions = (
				en,
				Base,
			);
			mainGroup = 3736BAE51A6F163000CD1EE0;
			productRefGroup = 3736BAEF1A6F163000CD1EE0 /* Products */;
			projectDirPath = "";
			projectRoot = "";
			targets = (
				3736BAED1A6F163000CD1EE0 /* Calculator */,
				3736BB091A6F163000CD1EE0 /* CalculatorTests */,
			);
		};
/* End PBXProject section */

/* Begin PBXResourcesBuildPhase section */
		3736BAEC1A6F163000CD1EE0 /* Resources */ = {
			isa = PBXResourcesBuildPhase;
			buildActionMask = 2147483647;
			files = (
				3736BB001A6F163000CD1EE0 /* Main.storyboard in Resources */,
				3736BB051A6F163000CD1EE0 /* LaunchScreen.xib in Resources */,
				3736BB021A6F163000CD1EE0 /* Images.xcassets in Resources */,
			);
			runOnlyForDeploymentPostprocessing = 0;
		};
		3736BB081A6F163000CD1EE0 /* Resources */ = {
			isa = PBXResourcesBuildPhase;
			buildActionMask = 2147483647;
			files = (
			);
			runOnlyForDeploymentPostprocessing = 0;
		};
/* End PBXResourcesBuildPhase section */

/* Begin PBXSourcesBuildPhase section */
		3736BAEA1A6F163000CD1EE0 /* Sources */ = {
			isa = PBXSourcesBuildPhase;
			buildActionMask = 2147483647;
			files = (
				3736BAF71A6F163000CD1EE0 /* AppDelegate.m in Sources */,
				3736BAF41A6F163000CD1EE0 /* main.m in Sources */,
				3736BAFD1A6F163000CD1EE0 /* ViewController.m in Sources */,
				3736BAFA1A6F163000CD1EE0 /* Calculator.xcdatamodeld in Sources */,
				3736BB201A6F288F00CD1EE0 /* CalculatorBrain.m in Sources */,
			);
			runOnlyForDeploymentPostprocessing = 0;
		};
		3736BB061A6F163000CD1EE0 /* Sources */ = {
			isa = PBXSourcesBuildPhase;
			buildActionMask = 2147483647;
			files = (
				3736BB111A6F163000CD1EE0 /* CalculatorTests.m in Sources */,
			);
			runOnlyForDeploymentPostprocessing = 0;
		};
/* End PBXSourcesBuildPhase section */

/* Begin PBXTargetDependency section */
		3736BB0C1A6F163000CD1EE0 /* PBXTargetDependency */ = {
			isa = PBXTargetDependency;
			target = 3736BAED1A6F163000CD1EE0 /* Calculator */;
			targetProxy = 3736BB0B1A6F163000CD1EE0 /* PBXContainerItemProxy */;
		};
/* End PBXTargetDependency section */

/* Begin PBXVariantGroup section */
		3736BAFE1A6F163000CD1EE0 /* Main.storyboard */ = {
			isa = PBXVariantGroup;
			children = (
				3736BAFF1A6F163000CD1EE0 /* Base */,
			);
			name = Main.storyboard;
			sourceTree = "<group>";
		};
		3736BB031A6F163000CD1EE0 /* LaunchScreen.xib */ = {
			isa = PBXVariantGroup;
			children = (
				3736BB041A6F163000CD1EE0 /* Base */,
			);
			name = LaunchScreen.xib;
			sourceTree = "<group>";
		};
/* End PBXVariantGroup section */

/* Begin XCBuildConfiguration section */
		3736BB121A6F163000CD1EE0 /* Debug */ = {
			isa = XCBuildConfiguration;
			buildSettings = {
				ALWAYS_SEARCH_USER_PATHS = NO;
				CLANG_CXX_LANGUAGE_STANDARD = "gnu++0x";
				CLANG_CXX_LIBRARY = "libc++";
				CLANG_ENABLE_MODULES = YES;
				CLANG_ENABLE_OBJC_ARC = YES;
				CLANG_WARN_BOOL_CONVERSION = YES;
				CLANG_WARN_CONSTANT_CONVERSION = YES;
				CLANG_WARN_DIRECT_OBJC_ISA_USAGE = YES_ERROR;
				CLANG_WARN_EMPTY_BODY = YES;
				CLANG_WARN_ENUM_CONVERSION = YES;
				CLANG_WARN_INT_CONVERSION = YES;
				CLANG_WARN_OBJC_ROOT_CLASS = YES_ERROR;
				CLANG_WARN_UNREACHABLE_CODE = YES;
				CLANG_WARN__DUPLICATE_METHOD_MATCH = YES;
				"CODE_SIGN_IDENTITY[sdk=iphoneos*]" = "iPhone Developer";
				COPY_PHASE_STRIP = NO;
				ENABLE_STRICT_OBJC_MSGSEND = YES;
				GCC_C_LANGUAGE_STANDARD = gnu99;
				GCC_DYNAMIC_NO_PIC = NO;
				GCC_OPTIMIZATION_LEVEL = 0;
				GCC_PREPROCESSOR_DEFINITIONS = (
					"DEBUG=1",
					"$(inherited)",
				);
				GCC_SYMBOLS_PRIVATE_EXTERN = NO;
				GCC_WARN_64_TO_32_BIT_CONVERSION = YES;
				GCC_WARN_ABOUT_RETURN_TYPE = YES_ERROR;
				GCC_WARN_UNDECLARED_SELECTOR = YES;
				GCC_WARN_UNINITIALIZED_AUTOS = YES_AGGRESSIVE;
				GCC_WARN_UNUSED_FUNCTION = YES;
				GCC_WARN_UNUSED_VARIABLE = YES;
				IPHONEOS_DEPLOYMENT_TARGET = 8.1;
				MTL_ENABLE_DEBUG_INFO = YES;
				ONLY_ACTIVE_ARCH = YES;
				SDKROOT = iphoneos;
			};
			name = Debug;
		};
		3736BB131A6F163000CD1EE0 /* Release */ = {
			isa = XCBuildConfiguration;
			buildSettings = {
				ALWAYS_SEARCH_USER_PATHS = NO;
				CLANG_CXX_LANGUAGE_STANDARD = "gnu++0x";
				CLANG_CXX_LIBRARY = "libc++";
				CLANG_ENABLE_MODULES = YES;
				CLANG_ENABLE_OBJC_ARC = YES;
				CLANG_WARN_BOOL_CONVERSION = YES;
				CLANG_WARN_CONSTANT_CONVERSION = YES;
				CLANG_WARN_DIRECT_OBJC_ISA_USAGE = YES_ERROR;
				CLANG_WARN_EMPTY_BODY = YES;
				CLANG_WARN_ENUM_CONVERSION = YES;
				CLANG_WARN_INT_CONVERSION = YES;
				CLANG_WARN_OBJC_ROOT_CLASS = YES_ERROR;
				CLANG_WARN_UNREACHABLE_CODE = YES;
				CLANG_WARN__DUPLICATE_METHOD_MATCH = YES;
				"CODE_SIGN_IDENTITY[sdk=iphoneos*]" = "iPhone Developer";
				COPY_PHASE_STRIP = YES;
				ENABLE_NS_ASSERTIONS = NO;
				ENABLE_STRICT_OBJC_MSGSEND = YES;
				GCC_C_LANGUAGE_STANDARD = gnu99;
				GCC_WARN_64_TO_32_BIT_CONVERSION = YES;
				GCC_WARN_ABOUT_RETURN_TYPE = YES_ERROR;
				GCC_WARN_UNDECLARED_SELECTOR = YES;
				GCC_WARN_UNINITIALIZED_AUTOS = YES_AGGRESSIVE;
				GCC_WARN_UNUSED_FUNCTION = YES;
				GCC_WARN_UNUSED_VARIABLE = YES;
				IPHONEOS_DEPLOYMENT_TARGET = 8.1;
				MTL_ENABLE_DEBUG_INFO = NO;
				SDKROOT = iphoneos;
				VALIDATE_PRODUCT = YES;
			};
			name = Release;
		};
		3736BB151A6F163000CD1EE0 /* Debug */ = {
			isa = XCBuildConfiguration;
			buildSettings = {
				ASSETCATALOG_COMPILER_APPICON_NAME = AppIcon;
				INFOPLIST_FILE = Calculator/Info.plist;
				LD_RUNPATH_SEARCH_PATHS = "$(inherited) @executable_path/Frameworks";
				PRODUCT_NAME = "$(TARGET_NAME)";
			};
			name = Debug;
		};
		3736BB161A6F163000CD1EE0 /* Release */ = {
			isa = XCBuildConfiguration;
			buildSettings = {
				ASSETCATALOG_COMPILER_APPICON_NAME = AppIcon;
				INFOPLIST_FILE = Calculator/Info.plist;
				LD_RUNPATH_SEARCH_PATHS = "$(inherited) @executable_path/Frameworks";
				PRODUCT_NAME = "$(TARGET_NAME)";
			};
			name = Release;
		};
		3736BB181A6F163000CD1EE0 /* Debug */ = {
			isa = XCBuildConfiguration;
			buildSettings = {
				BUNDLE_LOADER = "$(TEST_HOST)";
				FRAMEWORK_SEARCH_PATHS = (
					"$(SDKROOT)/Developer/Library/Frameworks",
					"$(inherited)",
				);
				GCC_PREPROCESSOR_DEFINITIONS = (
					"DEBUG=1",
					"$(inherited)",
				);
				INFOPLIST_FILE = CalculatorTests/Info.plist;
				LD_RUNPATH_SEARCH_PATHS = "$(inherited) @executable_path/Frameworks @loader_path/Frameworks";
				PRODUCT_NAME = "$(TARGET_NAME)";
				TEST_HOST = "$(BUILT_PRODUCTS_DIR)/Calculator.app/Calculator";
			};
			name = Debug;
		};
		3736BB191A6F163000CD1EE0 /* Release */ = {
			isa = XCBuildConfiguration;
			buildSettings = {
				BUNDLE_LOADER = "$(TEST_HOST)";
				FRAMEWORK_SEARCH_PATHS = (
					"$(SDKROOT)/Developer/Library/Frameworks",
					"$(inherited)",
				);
				INFOPLIST_FILE = CalculatorTests/Info.plist;
				LD_RUNPATH_SEARCH_PATHS = "$(inherited) @executable_path/Frameworks @loader_path/Frameworks";
				PRODUCT_NAME = "$(TARGET_NAME)";
				TEST_HOST = "$(BUILT_PRODUCTS_DIR)/Calculator.app/Calculator";
			};
			name = Release;
		};
/* End XCBuildConfiguration section */

/* Begin XCConfigurationList section */
		3736BAE91A6F163000CD1EE0 /* Build configuration list for PBXProject "Calculator" */ = {
			isa = XCConfigurationList;
			buildConfigurations = (
				3736BB121A6F163000CD1EE0 /* Debug */,
				3736BB131A6F163000CD1EE0 /* Release */,
			);
			defaultConfigurationIsVisible = 0;
			defaultConfigurationName = Release;
		};
		3736BB141A6F163000CD1EE0 /* Build configuration list for PBXNativeTarget "Calculator" */ = {
			isa = XCConfigurationList;
			buildConfigurations = (
				3736BB151A6F163000CD1EE0 /* Debug */,
				3736BB161A6F163000CD1EE0 /* Release */,
			);
			defaultConfigurationIsVisible = 0;
		};
		3736BB171A6F163000CD1EE0 /* Build configuration list for PBXNativeTarget "CalculatorTests" */ = {
			isa = XCConfigurationList;
			buildConfigurations = (
				3736BB181A6F163000CD1EE0 /* Debug */,
				3736BB191A6F163000CD1EE0 /* Release */,
			);
			defaultConfigurationIsVisible = 0;
		};
/* End XCConfigurationList section */

/* Begin XCVersionGroup section */
		3736BAF81A6F163000CD1EE0 /* Calculator.xcdatamodeld */ = {
			isa = XCVersionGroup;
			children = (
				3736BAF91A6F163000CD1EE0 /* Calculator.xcdatamodel */,
			);
			currentVersion = 3736BAF91A6F163000CD1EE0 /* Calculator.xcdatamodel */;
			path = Calculator.xcdatamodeld;
			sourceTree = "<group>";
			versionGroupType = wrapper.xcdatamodel;
		};
/* End XCVersionGroup section */
	};
	rootObject = 3736BAE61A6F163000CD1EE0 /* Project object */;
}
